
Microsoft Visual Studio Solution File, Format Version 12.00
# Visual Studio 15
VisualStudioVersion = 15.0.28307.539
MinimumVisualStudioVersion = 10.0.40219.1
Project("{FAE04EC0-301F-11D3-BF4B-00C04F79EFBC}") = "Entidades", "Entidades\Entidades.csproj", "{F8CC2E55-B180-4C8A-98D7-773AA31F99F3}"
EndProject
Project("{FAE04EC0-301F-11D3-BF4B-00C04F79EFBC}") = "MiCalculadora", "MiCalculadora\MiCalculadora.csproj", "{24F524EB-8EE7-4640-B959-C8CD5961D864}"
EndProject
Global
	GlobalSection(SolutionConfigurationPlatforms) = preSolution
		Debug|Any CPU = Debug|Any CPU
		Release|Any CPU = Release|Any CPU
	EndGlobalSection
	GlobalSection(ProjectConfigurationPlatforms) = postSolution
		{F8CC2E55-B180-4C8A-98D7-773AA31F99F3}.Debug|Any CPU.ActiveCfg = Debug|Any CPU
		{F8CC2E55-B180-4C8A-98D7-773AA31F99F3}.Debug|Any CPU.Build.0 = Debug|Any CPU
		{F8CC2E55-B180-4C8A-98D7-773AA31F99F3}.Release|Any CPU.ActiveCfg = Release|Any CPU
		{F8CC2E55-B180-4C8A-98D7-773AA31F99F3}.Release|Any CPU.Build.0 = Release|Any CPU
		{24F524EB-8EE7-4640-B959-C8CD5961D864}.Debug|Any CPU.ActiveCfg = Debug|Any CPU
		{24F524EB-8EE7-4640-B959-C8CD5961D864}.Debug|Any CPU.Build.0 = Debug|Any CPU
		{24F524EB-8EE7-4640-B959-C8CD5961D864}.Release|Any CPU.ActiveCfg = Release|Any CPU
		{24F524EB-8EE7-4640-B959-C8CD5961D864}.Release|Any CPU.Build.0 = Release|Any CPU
	EndGlobalSection
	GlobalSection(SolutionProperties) = preSolution
		HideSolutionNode = FALSE
	EndGlobalSection
	GlobalSection(ExtensibilityGlobals) = postSolution
		SolutionGuid = {E460138D-9F96-4B69-BDC1-81E60268E506}
	EndGlobalSection
EndGlobal
