
Microsoft Visual Studio Solution File, Format Version 12.00
# Visual Studio 15
VisualStudioVersion = 15.0.28307.539
MinimumVisualStudioVersion = 10.0.40219.1
Project("{FAE04EC0-301F-11D3-BF4B-00C04F79EFBC}") = "FrmPrincipal", "FrmPrincipal\FrmPrincipal.csproj", "{CFEB53DA-6607-485E-B5CF-65E799E90FD0}"
EndProject
Global
	GlobalSection(SolutionConfigurationPlatforms) = preSolution
		Debug|Any CPU = Debug|Any CPU
		Release|Any CPU = Release|Any CPU
	EndGlobalSection
	GlobalSection(ProjectConfigurationPlatforms) = postSolution
		{CFEB53DA-6607-485E-B5CF-65E799E90FD0}.Debug|Any CPU.ActiveCfg = Debug|Any CPU
		{CFEB53DA-6607-485E-B5CF-65E799E90FD0}.Debug|Any CPU.Build.0 = Debug|Any CPU
		{CFEB53DA-6607-485E-B5CF-65E799E90FD0}.Release|Any CPU.ActiveCfg = Release|Any CPU
		{CFEB53DA-6607-485E-B5CF-65E799E90FD0}.Release|Any CPU.Build.0 = Release|Any CPU
	EndGlobalSection
	GlobalSection(SolutionProperties) = preSolution
		HideSolutionNode = FALSE
	EndGlobalSection
	GlobalSection(ExtensibilityGlobals) = postSolution
		SolutionGuid = {1381DDA2-2C67-42DB-8C26-7FD12E4B6434}
	EndGlobalSection
EndGlobal
